{
  "name": "WeatherStyler",
  "lockfileVersion": 3,
  "requires": true,
  "packages": {
    "": {
      "dependencies": {
        "@fontsource/lato": "^5.2.7"
      }
    },
    "node_modules/@fontsource/lato": {
      "version": "5.2.7",
      "resolved": "https://registry.npmjs.org/@fontsource/lato/-/lato-5.2.7.tgz",
      "integrity": "sha512-k5mum1ADbDW5cTw1Ett1eQVWeoZ6gq0ct6SFBibEhB4LRxhniChJZTBgd6ph5yBxLkN1fcnsnmicBNA4S/3nbw==",
      "license": "OFL-1.1",
      "funding": {
        "url": "https://github.com/sponsors/ayuhito"
      }
    }
  }
}
