
Microsoft Visual Studio Solution File, Format Version 12.00
# Visual Studio Version 18
VisualStudioVersion = 18.5.11716.220 stable
MinimumVisualStudioVersion = 10.0.40219.1
Project("{FAE04EC0-301F-11D3-BF4B-00C04F79EFBC}") = "WeatherStyler.Domain", "backend\src\WeatherStyler.Domain\WeatherStyler.Domain.csproj", "{942FE415-C952-4AB5-BFC3-03289FF6EF6E}"
EndProject
Project("{FAE04EC0-301F-11D3-BF4B-00C04F79EFBC}") = "WeatherStyler.Application", "backend\src\WeatherStyler.Application\WeatherStyler.Application.csproj", "{EF5911C0-1D21-4296-A6E6-AEB944988B16}"
EndProject
Project("{FAE04EC0-301F-11D3-BF4B-00C04F79EFBC}") = "WeatherStyler.Infrastructure", "backend\src\WeatherStyler.Infrastructure\WeatherStyler.Infrastructure.csproj", "{6C88E171-EA7D-4464-B866-CB899E0DBEA1}"
EndProject
Project("{FAE04EC0-301F-11D3-BF4B-00C04F79EFBC}") = "WeatherStyler.MigrationService", "backend\src\WeatherStyler.MigrationService\WeatherStyler.MigrationService.csproj", "{0EA75E2A-E8D2-463F-AE1F-8BE9D8C0B4B8}"
EndProject
Project("{FAE04EC0-301F-11D3-BF4B-00C04F79EFBC}") = "WeatherStyler", "backend\WeatherStyler\WeatherStyler.csproj", "{80E00EBC-A355-4632-96E1-34F5D9AFAB52}"
EndProject
Project("{FAE04EC0-301F-11D3-BF4B-00C04F79EFBC}") = "WheatherStyler.Tests", "WheatherStyler.Tests\WheatherStyler.Tests.csproj", "{CA3B2318-398B-4544-BC85-50E72C6C3F96}"
EndProject
Global
	GlobalSection(SolutionConfigurationPlatforms) = preSolution
		Debug|Any CPU = Debug|Any CPU
		Debug|x64 = Debug|x64
		Debug|x86 = Debug|x86
		Release|Any CPU = Release|Any CPU
		Release|x64 = Release|x64
		Release|x86 = Release|x86
	EndGlobalSection
	GlobalSection(ProjectConfigurationPlatforms) = postSolution
		{942FE415-C952-4AB5-BFC3-03289FF6EF6E}.Debug|Any CPU.ActiveCfg = Debug|Any CPU
		{942FE415-C952-4AB5-BFC3-03289FF6EF6E}.Debug|Any CPU.Build.0 = Debug|Any CPU
		{942FE415-C952-4AB5-BFC3-03289FF6EF6E}.Debug|x64.ActiveCfg = Debug|Any CPU
		{942FE415-C952-4AB5-BFC3-03289FF6EF6E}.Debug|x64.Build.0 = Debug|Any CPU
		{942FE415-C952-4AB5-BFC3-03289FF6EF6E}.Debug|x86.ActiveCfg = Debug|Any CPU
		{942FE415-C952-4AB5-BFC3-03289FF6EF6E}.Debug|x86.Build.0 = Debug|Any CPU
		{942FE415-C952-4AB5-BFC3-03289FF6EF6E}.Release|Any CPU.ActiveCfg = Release|Any CPU
		{942FE415-C952-4AB5-BFC3-03289FF6EF6E}.Release|Any CPU.Build.0 = Release|Any CPU
		{942FE415-C952-4AB5-BFC3-03289FF6EF6E}.Release|x64.ActiveCfg = Release|Any CPU
		{942FE415-C952-4AB5-BFC3-03289FF6EF6E}.Release|x64.Build.0 = Release|Any CPU
		{942FE415-C952-4AB5-BFC3-03289FF6EF6E}.Release|x86.ActiveCfg = Release|Any CPU
		{942FE415-C952-4AB5-BFC3-03289FF6EF6E}.Release|x86.Build.0 = Release|Any CPU
		{EF5911C0-1D21-4296-A6E6-AEB944988B16}.Debug|Any CPU.ActiveCfg = Debug|Any CPU
		{EF5911C0-1D21-4296-A6E6-AEB944988B16}.Debug|Any CPU.Build.0 = Debug|Any CPU
		{EF5911C0-1D21-4296-A6E6-AEB944988B16}.Debug|x64.ActiveCfg = Debug|Any CPU
		{EF5911C0-1D21-4296-A6E6-AEB944988B16}.Debug|x64.Build.0 = Debug|Any CPU
		{EF5911C0-1D21-4296-A6E6-AEB944988B16}.Debug|x86.ActiveCfg = Debug|Any CPU
		{EF5911C0-1D21-4296-A6E6-AEB944988B16}.Debug|x86.Build.0 = Debug|Any CPU
		{EF5911C0-1D21-4296-A6E6-AEB944988B16}.Release|Any CPU.ActiveCfg = Release|Any CPU
		{EF5911C0-1D21-4296-A6E6-AEB944988B16}.Release|Any CPU.Build.0 = Release|Any CPU
		{EF5911C0-1D21-4296-A6E6-AEB944988B16}.Release|x64.ActiveCfg = Release|Any CPU
		{EF5911C0-1D21-4296-A6E6-AEB944988B16}.Release|x64.Build.0 = Release|Any CPU
		{EF5911C0-1D21-4296-A6E6-AEB944988B16}.Release|x86.ActiveCfg = Release|Any CPU
		{EF5911C0-1D21-4296-A6E6-AEB944988B16}.Release|x86.Build.0 = Release|Any CPU
		{6C88E171-EA7D-4464-B866-CB899E0DBEA1}.Debug|Any CPU.ActiveCfg = Debug|Any CPU
		{6C88E171-EA7D-4464-B866-CB899E0DBEA1}.Debug|Any CPU.Build.0 = Debug|Any CPU
		{6C88E171-EA7D-4464-B866-CB899E0DBEA1}.Debug|x64.ActiveCfg = Debug|Any CPU
		{6C88E171-EA7D-4464-B866-CB899E0DBEA1}.Debug|x64.Build.0 = Debug|Any CPU
		{6C88E171-EA7D-4464-B866-CB899E0DBEA1}.Debug|x86.ActiveCfg = Debug|Any CPU
		{6C88E171-EA7D-4464-B866-CB899E0DBEA1}.Debug|x86.Build.0 = Debug|Any CPU
		{6C88E171-EA7D-4464-B866-CB899E0DBEA1}.Release|Any CPU.ActiveCfg = Release|Any CPU
		{6C88E171-EA7D-4464-B866-CB899E0DBEA1}.Release|Any CPU.Build.0 = Release|Any CPU
		{6C88E171-EA7D-4464-B866-CB899E0DBEA1}.Release|x64.ActiveCfg = Release|Any CPU
		{6C88E171-EA7D-4464-B866-CB899E0DBEA1}.Release|x64.Build.0 = Release|Any CPU
		{6C88E171-EA7D-4464-B866-CB899E0DBEA1}.Release|x86.ActiveCfg = Release|Any CPU
		{6C88E171-EA7D-4464-B866-CB899E0DBEA1}.Release|x86.Build.0 = Release|Any CPU
		{0EA75E2A-E8D2-463F-AE1F-8BE9D8C0B4B8}.Debug|Any CPU.ActiveCfg = Debug|Any CPU
		{0EA75E2A-E8D2-463F-AE1F-8BE9D8C0B4B8}.Debug|Any CPU.Build.0 = Debug|Any CPU
		{0EA75E2A-E8D2-463F-AE1F-8BE9D8C0B4B8}.Debug|x64.ActiveCfg = Debug|Any CPU
		{0EA75E2A-E8D2-463F-AE1F-8BE9D8C0B4B8}.Debug|x64.Build.0 = Debug|Any CPU
		{0EA75E2A-E8D2-463F-AE1F-8BE9D8C0B4B8}.Debug|x86.ActiveCfg = Debug|Any CPU
		{0EA75E2A-E8D2-463F-AE1F-8BE9D8C0B4B8}.Debug|x86.Build.0 = Debug|Any CPU
		{0EA75E2A-E8D2-463F-AE1F-8BE9D8C0B4B8}.Release|Any CPU.ActiveCfg = Release|Any CPU
		{0EA75E2A-E8D2-463F-AE1F-8BE9D8C0B4B8}.Release|Any CPU.Build.0 = Release|Any CPU
		{0EA75E2A-E8D2-463F-AE1F-8BE9D8C0B4B8}.Release|x64.ActiveCfg = Release|Any CPU
		{0EA75E2A-E8D2-463F-AE1F-8BE9D8C0B4B8}.Release|x64.Build.0 = Release|Any CPU
		{0EA75E2A-E8D2-463F-AE1F-8BE9D8C0B4B8}.Release|x86.ActiveCfg = Release|Any CPU
		{0EA75E2A-E8D2-463F-AE1F-8BE9D8C0B4B8}.Release|x86.Build.0 = Release|Any CPU
		{80E00EBC-A355-4632-96E1-34F5D9AFAB52}.Debug|Any CPU.ActiveCfg = Debug|Any CPU
		{80E00EBC-A355-4632-96E1-34F5D9AFAB52}.Debug|Any CPU.Build.0 = Debug|Any CPU
		{80E00EBC-A355-4632-96E1-34F5D9AFAB52}.Debug|x64.ActiveCfg = Debug|Any CPU
		{80E00EBC-A355-4632-96E1-34F5D9AFAB52}.Debug|x64.Build.0 = Debug|Any CPU
		{80E00EBC-A355-4632-96E1-34F5D9AFAB52}.Debug|x86.ActiveCfg = Debug|Any CPU
		{80E00EBC-A355-4632-96E1-34F5D9AFAB52}.Debug|x86.Build.0 = Debug|Any CPU
		{80E00EBC-A355-4632-96E1-34F5D9AFAB52}.Release|Any CPU.ActiveCfg = Release|Any CPU
		{80E00EBC-A355-4632-96E1-34F5D9AFAB52}.Release|Any CPU.Build.0 = Release|Any CPU
		{80E00EBC-A355-4632-96E1-34F5D9AFAB52}.Release|x64.ActiveCfg = Release|Any CPU
		{80E00EBC-A355-4632-96E1-34F5D9AFAB52}.Release|x64.Build.0 = Release|Any CPU
		{80E00EBC-A355-4632-96E1-34F5D9AFAB52}.Release|x86.ActiveCfg = Release|Any CPU
		{80E00EBC-A355-4632-96E1-34F5D9AFAB52}.Release|x86.Build.0 = Release|Any CPU
		{CA3B2318-398B-4544-BC85-50E72C6C3F96}.Debug|Any CPU.ActiveCfg = Debug|Any CPU
		{CA3B2318-398B-4544-BC85-50E72C6C3F96}.Debug|Any CPU.Build.0 = Debug|Any CPU
		{CA3B2318-398B-4544-BC85-50E72C6C3F96}.Debug|x64.ActiveCfg = Debug|Any CPU
		{CA3B2318-398B-4544-BC85-50E72C6C3F96}.Debug|x64.Build.0 = Debug|Any CPU
		{CA3B2318-398B-4544-BC85-50E72C6C3F96}.Debug|x86.ActiveCfg = Debug|Any CPU
		{CA3B2318-398B-4544-BC85-50E72C6C3F96}.Debug|x86.Build.0 = Debug|Any CPU
		{CA3B2318-398B-4544-BC85-50E72C6C3F96}.Release|Any CPU.ActiveCfg = Release|Any CPU
		{CA3B2318-398B-4544-BC85-50E72C6C3F96}.Release|Any CPU.Build.0 = Release|Any CPU
		{CA3B2318-398B-4544-BC85-50E72C6C3F96}.Release|x64.ActiveCfg = Release|Any CPU
		{CA3B2318-398B-4544-BC85-50E72C6C3F96}.Release|x64.Build.0 = Release|Any CPU
		{CA3B2318-398B-4544-BC85-50E72C6C3F96}.Release|x86.ActiveCfg = Release|Any CPU
		{CA3B2318-398B-4544-BC85-50E72C6C3F96}.Release|x86.Build.0 = Release|Any CPU
	EndGlobalSection
	GlobalSection(SolutionProperties) = preSolution
		HideSolutionNode = FALSE
	EndGlobalSection
	GlobalSection(ExtensibilityGlobals) = postSolution
		SolutionGuid = {95504319-0CBD-43C3-BB96-1F8B48A175D7}
	EndGlobalSection
EndGlobal
